
Microsoft Visual Studio Solution File, Format Version 12.00
# Visual Studio Version 16
VisualStudioVersion = 16.0.31702.278
MinimumVisualStudioVersion = 10.0.40219.1
Project("{FAE04EC0-301F-11D3-BF4B-00C04F79EFBC}") = "TourPlannerFrontend", "TourPlannerFrontend\TourPlannerFrontend.csproj", "{E29D4A03-AD73-4835-92D4-924491050EC6}"
EndProject
Project("{FAE04EC0-301F-11D3-BF4B-00C04F79EFBC}") = "TourPlannerBackend", "TourPlannerBackend\TourPlannerBackend.csproj", "{26CFFBA7-B647-4002-815D-D43DD2D338B0}"
EndProject
Global
	GlobalSection(SolutionConfigurationPlatforms) = preSolution
		Debug|Any CPU = Debug|Any CPU
		Release|Any CPU = Release|Any CPU
	EndGlobalSection
	GlobalSection(ProjectConfigurationPlatforms) = postSolution
		{E29D4A03-AD73-4835-92D4-924491050EC6}.Debug|Any CPU.ActiveCfg = Debug|Any CPU
		{E29D4A03-AD73-4835-92D4-924491050EC6}.Debug|Any CPU.Build.0 = Debug|Any CPU
		{E29D4A03-AD73-4835-92D4-924491050EC6}.Release|Any CPU.ActiveCfg = Release|Any CPU
		{E29D4A03-AD73-4835-92D4-924491050EC6}.Release|Any CPU.Build.0 = Release|Any CPU
		{26CFFBA7-B647-4002-815D-D43DD2D338B0}.Debug|Any CPU.ActiveCfg = Debug|Any CPU
		{26CFFBA7-B647-4002-815D-D43DD2D338B0}.Debug|Any CPU.Build.0 = Debug|Any CPU
		{26CFFBA7-B647-4002-815D-D43DD2D338B0}.Release|Any CPU.ActiveCfg = Release|Any CPU
		{26CFFBA7-B647-4002-815D-D43DD2D338B0}.Release|Any CPU.Build.0 = Release|Any CPU
	EndGlobalSection
	GlobalSection(SolutionProperties) = preSolution
		HideSolutionNode = FALSE
	EndGlobalSection
	GlobalSection(ExtensibilityGlobals) = postSolution
		SolutionGuid = {3B62392C-CCC2-428D-89CD-75603F943770}
	EndGlobalSection
EndGlobal
